// !$*UTF8*$!
{
	archiveVersion = 1;
	classes = {
	};
	objectVersion = 46;
	objects = {

/* Begin PBXBuildFile section */
		88AE853C142EBE8B0096492C /* Paiz_Contants.h in Headers */ = {isa = PBXBuildFile; fileRef = 88AE853A142EBE8B0096492C /* Paiz_Contants.h */; };
		88AE853D142EBE8B0096492C /* Paiz_Macro_Singleton.h in Headers */ = {isa = PBXBuildFile; fileRef = 88AE853B142EBE8B0096492C /* Paiz_Macro_Singleton.h */; };
		88AE853F142EBF940096492C /* PaizFoundation.h in Headers */ = {isa = PBXBuildFile; fileRef = 88AE853E142EBF940096492C /* PaizFoundation.h */; };
		88C5B7AC142E5E3A00DFD65E /* Foundation.framework in Frameworks */ = {isa = PBXBuildFile; fileRef = 88C5B7AB142E5E3A00DFD65E /* Foundation.framework */; };
/* End PBXBuildFile section */

/* Begin PBXFileReference section */
		88AE853A142EBE8B0096492C /* Paiz_Contants.h */ = {isa = PBXFileReference; fileEncoding = 4; lastKnownFileType = sourcecode.c.h; name = Paiz_Contants.h; path = JorgePaiz/Foundation/Paiz_Contants.h; sourceTree = "<group>"; };
		88AE853B142EBE8B0096492C /* Paiz_Macro_Singleton.h */ = {isa = PBXFileReference; fileEncoding = 4; lastKnownFileType = sourcecode.c.h; name = Paiz_Macro_Singleton.h; path = JorgePaiz/Foundation/Paiz_Macro_Singleton.h; sourceTree = "<group>"; };
		88AE853E142EBF940096492C /* PaizFoundation.h */ = {isa = PBXFileReference; fileEncoding = 4; lastKnownFileType = sourcecode.c.h; name = PaizFoundation.h; path = JorgePaiz/Foundation/PaizFoundation.h; sourceTree = "<group>"; };
		88C5B7A8142E5E3A00DFD65E /* libPaizFoundation.a */ = {isa = PBXFileReference; explicitFileType = archive.ar; includeInIndex = 0; path = libPaizFoundation.a; sourceTree = BUILT_PRODUCTS_DIR; };
		88C5B7AB142E5E3A00DFD65E /* Foundation.framework */ = {isa = PBXFileReference; lastKnownFileType = wrapper.framework; name = Foundation.framework; path = System/Library/Frameworks/Foundation.framework; sourceTree = SDKROOT; };
		88C5B7AF142E5E3A00DFD65E /* PaizFoundation-Prefix.pch */ = {isa = PBXFileReference; lastKnownFileType = sourcecode.c.h; path = "PaizFoundation-Prefix.pch"; sourceTree = "<group>"; };
/* End PBXFileReference section */

/* Begin PBXFrameworksBuildPhase section */
		88C5B7A5142E5E3A00DFD65E /* Frameworks */ = {
			isa = PBXFrameworksBuildPhase;
			buildActionMask = 2147483647;
			files = (
				88C5B7AC142E5E3A00DFD65E /* Foundation.framework in Frameworks */,
			);
			runOnlyForDeploymentPostprocessing = 0;
		};
/* End PBXFrameworksBuildPhase section */

/* Begin PBXGroup section */
		88AE8538142EBE3F0096492C /* Sources */ = {
			isa = PBXGroup;
			children = (
			);
			name = Sources;
			sourceTree = "<group>";
		};
		88AE8539142EBE420096492C /* Headers */ = {
			isa = PBXGroup;
			children = (
				88AE853E142EBF940096492C /* PaizFoundation.h */,
				88AE853A142EBE8B0096492C /* Paiz_Contants.h */,
				88AE853B142EBE8B0096492C /* Paiz_Macro_Singleton.h */,
			);
			name = Headers;
			sourceTree = "<group>";
		};
		88C5B79D142E5E3A00DFD65E = {
			isa = PBXGroup;
			children = (
				88AE8539142EBE420096492C /* Headers */,
				88AE8538142EBE3F0096492C /* Sources */,
				88C5B7AE142E5E3A00DFD65E /* Supporting Files */,
				88C5B7AA142E5E3A00DFD65E /* Frameworks */,
				88C5B7A9142E5E3A00DFD65E /* Products */,
			);
			sourceTree = "<group>";
		};
		88C5B7A9142E5E3A00DFD65E /* Products */ = {
			isa = PBXGroup;
			children = (
				88C5B7A8142E5E3A00DFD65E /* libPaizFoundation.a */,
			);
			name = Products;
			sourceTree = "<group>";
		};
		88C5B7AA142E5E3A00DFD65E /* Frameworks */ = {
			isa = PBXGroup;
			children = (
				88C5B7AB142E5E3A00DFD65E /* Foundation.framework */,
			);
			name = Frameworks;
			sourceTree = "<group>";
		};
		88C5B7AE142E5E3A00DFD65E /* Supporting Files */ = {
			isa = PBXGroup;
			children = (
				88C5B7AF142E5E3A00DFD65E /* PaizFoundation-Prefix.pch */,
			);
			name = "Supporting Files";
			path = PaizFoundation;
			sourceTree = "<group>";
		};
/* End PBXGroup section */

/* Begin PBXHeadersBuildPhase section */
		88C5B7A6142E5E3A00DFD65E /* Headers */ = {
			isa = PBXHeadersBuildPhase;
			buildActionMask = 2147483647;
			files = (
				88AE853C142EBE8B0096492C /* Paiz_Contants.h in Headers */,
				88AE853D142EBE8B0096492C /* Paiz_Macro_Singleton.h in Headers */,
				88AE853F142EBF940096492C /* PaizFoundation.h in Headers */,
			);
			runOnlyForDeploymentPostprocessing = 0;
		};
/* End PBXHeadersBuildPhase section */

/* Begin PBXNativeTarget section */
		88C5B7A7142E5E3A00DFD65E /* PaizFoundation */ = {
			isa = PBXNativeTarget;
			buildConfigurationList = 88C5B7B5142E5E3A00DFD65E /* Build configuration list for PBXNativeTarget "PaizFoundation" */;
			buildPhases = (
				88C5B7A4142E5E3A00DFD65E /* Sources */,
				88C5B7A5142E5E3A00DFD65E /* Frameworks */,
				88C5B7A6142E5E3A00DFD65E /* Headers */,
			);
			buildRules = (
			);
			dependencies = (
			);
			name = PaizFoundation;
			productName = PaizFoundation;
			productReference = 88C5B7A8142E5E3A00DFD65E /* libPaizFoundation.a */;
			productType = "com.apple.product-type.library.static";
		};
/* End PBXNativeTarget section */

/* Begin PBXProject section */
		88C5B79F142E5E3A00DFD65E /* Project object */ = {
			isa = PBXProject;
			attributes = {
				LastUpgradeCheck = 0420;
			};
			buildConfigurationList = 88C5B7A2142E5E3A00DFD65E /* Build configuration list for PBXProject "PaizFoundation" */;
			compatibilityVersion = "Xcode 3.2";
			developmentRegion = English;
			hasScannedForEncodings = 0;
			knownRegions = (
				en,
			);
			mainGroup = 88C5B79D142E5E3A00DFD65E;
			productRefGroup = 88C5B7A9142E5E3A00DFD65E /* Products */;
			projectDirPath = "";
			projectRoot = "";
			targets = (
				88C5B7A7142E5E3A00DFD65E /* PaizFoundation */,
			);
		};
/* End PBXProject section */

/* Begin PBXSourcesBuildPhase section */
		88C5B7A4142E5E3A00DFD65E /* Sources */ = {
			isa = PBXSourcesBuildPhase;
			buildActionMask = 2147483647;
			files = (
			);
			runOnlyForDeploymentPostprocessing = 0;
		};
/* End PBXSourcesBuildPhase section */

/* Begin XCBuildConfiguration section */
		88C5B7B3142E5E3A00DFD65E /* Debug */ = {
			isa = XCBuildConfiguration;
			buildSettings = {
				ALWAYS_SEARCH_USER_PATHS = NO;
				ARCHS = "$(ARCHS_STANDARD_32_BIT)";
				CLANG_ENABLE_OBJC_ARC = YES;
				COPY_PHASE_STRIP = NO;
				GCC_C_LANGUAGE_STANDARD = gnu99;
				GCC_DYNAMIC_NO_PIC = NO;
				GCC_OPTIMIZATION_LEVEL = 0;
				GCC_PREPROCESSOR_DEFINITIONS = (
					"DEBUG=1",
					"$(inherited)",
				);
				GCC_SYMBOLS_PRIVATE_EXTERN = NO;
				GCC_VERSION = com.apple.compilers.llvm.clang.1_0;
				GCC_WARN_ABOUT_MISSING_PROTOTYPES = YES;
				GCC_WARN_ABOUT_RETURN_TYPE = YES;
				GCC_WARN_UNUSED_VARIABLE = YES;
				IPHONEOS_DEPLOYMENT_TARGET = 5.0;
				SDKROOT = iphoneos;
			};
			name = Debug;
		};
		88C5B7B4142E5E3A00DFD65E /* Release */ = {
			isa = XCBuildConfiguration;
			buildSettings = {
				ALWAYS_SEARCH_USER_PATHS = NO;
				ARCHS = "$(ARCHS_STANDARD_32_BIT)";
				CLANG_ENABLE_OBJC_ARC = YES;
				COPY_PHASE_STRIP = YES;
				GCC_C_LANGUAGE_STANDARD = gnu99;
				GCC_VERSION = com.apple.compilers.llvm.clang.1_0;
				GCC_WARN_ABOUT_MISSING_PROTOTYPES = YES;
				GCC_WARN_ABOUT_RETURN_TYPE = YES;
				GCC_WARN_UNUSED_VARIABLE = YES;
				IPHONEOS_DEPLOYMENT_TARGET = 5.0;
				SDKROOT = iphoneos;
				VALIDATE_PRODUCT = YES;
			};
			name = Release;
		};
		88C5B7B6142E5E3A00DFD65E /* Debug */ = {
			isa = XCBuildConfiguration;
			buildSettings = {
				DSTROOT = /tmp/PaizFoundation.dst;
				GCC_PRECOMPILE_PREFIX_HEADER = YES;
				GCC_PREFIX_HEADER = "PaizFoundation/PaizFoundation-Prefix.pch";
				OTHER_LDFLAGS = "-ObjC";
				PRODUCT_NAME = "$(TARGET_NAME)";
				SKIP_INSTALL = YES;
			};
			name = Debug;
		};
		88C5B7B7142E5E3A00DFD65E /* Release */ = {
			isa = XCBuildConfiguration;
			buildSettings = {
				DSTROOT = /tmp/PaizFoundation.dst;
				GCC_PRECOMPILE_PREFIX_HEADER = YES;
				GCC_PREFIX_HEADER = "PaizFoundation/PaizFoundation-Prefix.pch";
				OTHER_LDFLAGS = "-ObjC";
				PRODUCT_NAME = "$(TARGET_NAME)";
				SKIP_INSTALL = YES;
			};
			name = Release;
		};
/* End XCBuildConfiguration section */

/* Begin XCConfigurationList section */
		88C5B7A2142E5E3A00DFD65E /* Build configuration list for PBXProject "PaizFoundation" */ = {
			isa = XCConfigurationList;
			buildConfigurations = (
				88C5B7B3142E5E3A00DFD65E /* Debug */,
				88C5B7B4142E5E3A00DFD65E /* Release */,
			);
			defaultConfigurationIsVisible = 0;
			defaultConfigurationName = Release;
		};
		88C5B7B5142E5E3A00DFD65E /* Build configuration list for PBXNativeTarget "PaizFoundation" */ = {
			isa = XCConfigurationList;
			buildConfigurations = (
				88C5B7B6142E5E3A00DFD65E /* Debug */,
				88C5B7B7142E5E3A00DFD65E /* Release */,
			);
			defaultConfigurationIsVisible = 0;
			defaultConfigurationName = Release;
		};
/* End XCConfigurationList section */
	};
	rootObject = 88C5B79F142E5E3A00DFD65E /* Project object */;
}
